
Microsoft Visual Studio Solution File, Format Version 12.00
# Visual Studio 14
VisualStudioVersion = 14.0.23107.0
MinimumVisualStudioVersion = 10.0.40219.1
Project("{FAE04EC0-301F-11D3-BF4B-00C04F79EFBC}") = "UserSwitcher", "UserSwitcher\UserSwitcher.csproj", "{0D8759A2-919A-4365-AA2B-2BCA25A670B8}"
EndProject
Project("{2150E333-8FDC-42A3-9474-1A3956D46DE8}") = "Component", "Component", "{54442AE2-0412-4DA1-9298-F5A49B6AC935}"
EndProject
Project("{FAE04EC0-301F-11D3-BF4B-00C04F79EFBC}") = "UserSwitherComponent", "UserSwitherComponent\UserSwitherComponent.csproj", "{F6BB9161-18CF-4D2A-A054-293803A5DD09}"
EndProject
Project("{2150E333-8FDC-42A3-9474-1A3956D46DE8}") = "Models", "Models", "{FD1B1135-7471-4A3C-B895-08573FA27D25}"
EndProject
Project("{FAE04EC0-301F-11D3-BF4B-00C04F79EFBC}") = "Model", "Model\Model.csproj", "{AF89E3A7-B802-4B0B-8FD9-74B67CF1D089}"
EndProject
Project("{FAE04EC0-301F-11D3-BF4B-00C04F79EFBC}") = "UserSwitcherApp", "UserSwitcherApp\UserSwitcherApp.csproj", "{A1170EA4-80B9-4DC9-A884-198D52EF6946}"
EndProject
Global
	GlobalSection(SolutionConfigurationPlatforms) = preSolution
		Debug|Any CPU = Debug|Any CPU
		Release|Any CPU = Release|Any CPU
	EndGlobalSection
	GlobalSection(ProjectConfigurationPlatforms) = postSolution
		{0D8759A2-919A-4365-AA2B-2BCA25A670B8}.Debug|Any CPU.ActiveCfg = Debug|Any CPU
		{0D8759A2-919A-4365-AA2B-2BCA25A670B8}.Debug|Any CPU.Build.0 = Debug|Any CPU
		{0D8759A2-919A-4365-AA2B-2BCA25A670B8}.Release|Any CPU.ActiveCfg = Release|Any CPU
		{0D8759A2-919A-4365-AA2B-2BCA25A670B8}.Release|Any CPU.Build.0 = Release|Any CPU
		{F6BB9161-18CF-4D2A-A054-293803A5DD09}.Debug|Any CPU.ActiveCfg = Debug|Any CPU
		{F6BB9161-18CF-4D2A-A054-293803A5DD09}.Debug|Any CPU.Build.0 = Debug|Any CPU
		{F6BB9161-18CF-4D2A-A054-293803A5DD09}.Release|Any CPU.ActiveCfg = Release|Any CPU
		{F6BB9161-18CF-4D2A-A054-293803A5DD09}.Release|Any CPU.Build.0 = Release|Any CPU
		{AF89E3A7-B802-4B0B-8FD9-74B67CF1D089}.Debug|Any CPU.ActiveCfg = Debug|Any CPU
		{AF89E3A7-B802-4B0B-8FD9-74B67CF1D089}.Debug|Any CPU.Build.0 = Debug|Any CPU
		{AF89E3A7-B802-4B0B-8FD9-74B67CF1D089}.Release|Any CPU.ActiveCfg = Release|Any CPU
		{AF89E3A7-B802-4B0B-8FD9-74B67CF1D089}.Release|Any CPU.Build.0 = Release|Any CPU
		{A1170EA4-80B9-4DC9-A884-198D52EF6946}.Debug|Any CPU.ActiveCfg = Debug|Any CPU
		{A1170EA4-80B9-4DC9-A884-198D52EF6946}.Debug|Any CPU.Build.0 = Debug|Any CPU
		{A1170EA4-80B9-4DC9-A884-198D52EF6946}.Release|Any CPU.ActiveCfg = Release|Any CPU
		{A1170EA4-80B9-4DC9-A884-198D52EF6946}.Release|Any CPU.Build.0 = Release|Any CPU
	EndGlobalSection
	GlobalSection(SolutionProperties) = preSolution
		HideSolutionNode = FALSE
	EndGlobalSection
	GlobalSection(NestedProjects) = preSolution
		{F6BB9161-18CF-4D2A-A054-293803A5DD09} = {54442AE2-0412-4DA1-9298-F5A49B6AC935}
		{AF89E3A7-B802-4B0B-8FD9-74B67CF1D089} = {FD1B1135-7471-4A3C-B895-08573FA27D25}
	EndGlobalSection
EndGlobal
